<?xml version="1.0" encoding="utf-8"?>
<Project ToolsVersion="4.0" xmlns="http://schemas.microsoft.com/developer/msbuild/2003">
  <ItemGroup>
    <Filter Include="Source Files">
      <UniqueIdentifier>{4FC737F1-C7A5-4376-A066-2A32D752A2FF}</UniqueIdentifier>
      <Extensions>cpp;c;cc;cxx;c++;cppm;ixx;def;odl;idl;hpj;bat;asm;asmx</Extensions>
    </Filter>
    <Filter Include="Header Files">
      <UniqueIdentifier>{93995380-89BD-4b04-88EB-625FBE52EBFB}</UniqueIdentifier>
      <Extensions>h;hh;hpp;hxx;h++;hm;inl;inc;ipp;xsd</Extensions>
    </Filter>
    <Filter Include="Resource Files">
      <UniqueIdentifier>{67DA6AB6-F800-4c08-8B7A-83BB121AAD01}</UniqueIdentifier>
      <Extensions>rc;ico;cur;bmp;dlg;rc2;rct;bin;rgs;gif;jpg;jpeg;jpe;resx;tiff;tif;png;wav;mfcribbon-ms</Extensions>
    </Filter>
    <Filter Include="Source Files\_WIN32">
      <UniqueIdentifier>{12ba9e19-7558-4fa7-9a1e-dc99d6529282}</UniqueIdentifier>
    </Filter>
    <Filter Include="Source Files\__linux__">
      <UniqueIdentifier>{450e1377-3f9f-404c-a1c6-ebe8ef052db8}</UniqueIdentifier>
    </Filter>
    <Filter Include="Source Files\Vulkan">
      <UniqueIdentifier>{b64f4088-3686-4134-bbf1-f6c82534684c}</UniqueIdentifier>
    </Filter>
    <Filter Include="Source Files\__APPLE__">
      <UniqueIdentifier>{8dbc9a69-640f-4cb2-a155-d53b46339299}</UniqueIdentifier>
    </Filter>
    <Filter Include="Header Files\Vulkan">
      <UniqueIdentifier>{f5159ffe-3c20-48eb-9f91-d1e35e4bd7af}</UniqueIdentifier>
    </Filter>
    <Filter Include="Resource Files\Shaders">
      <UniqueIdentifier>{87f4e044-4b06-4971-80ab-73b473b67605}</UniqueIdentifier>
    </Filter>
    <Filter Include="Resource Files\Shaders\SPV">
      <UniqueIdentifier>{0b10b29e-480b-41b4-aaab-4ae60709ca03}</UniqueIdentifier>
    </Filter>
  </ItemGroup>
  <ItemGroup>
    <ClCompile Include="main.c">
      <Filter>Source Files</Filter>
    </ClCompile>
    <ClCompile Include="CreateWinWindow.c">
      <Filter>Source Files\_WIN32</Filter>
    </ClCompile>
    <ClCompile Include="VkInit.c">
      <Filter>Source Files\Vulkan</Filter>
    </ClCompile>
    <ClCompile Include="VkSurface.c">
      <Filter>Source Files\Vulkan</Filter>
    </ClCompile>
    <ClCompile Include="VkDevice.c">
      <Filter>Source Files\Vulkan</Filter>
    </ClCompile>
    <ClCompile Include="VkSwapChain.c">
      <Filter>Source Files\Vulkan</Filter>
    </ClCompile>
    <ClCompile Include="RenderLoop.c">
      <Filter>Source Files</Filter>
    </ClCompile>
    <ClCompile Include="VkGraphicsPipeline.c">
      <Filter>Source Files\Vulkan</Filter>
    </ClCompile>
    <ClCompile Include="Vertex.c">
      <Filter>Source Files</Filter>
    </ClCompile>
  </ItemGroup>
  <ItemGroup>
    <ClInclude Include="MakeWindow.h">
      <Filter>Header Files</Filter>
    </ClInclude>
    <ClInclude Include="VkDevice.h">
      <Filter>Header Files\Vulkan</Filter>
    </ClInclude>
    <ClInclude Include="VkFunctionPointers.h">
      <Filter>Header Files\Vulkan</Filter>
    </ClInclude>
    <ClInclude Include="VkIncludes.h">
      <Filter>Header Files\Vulkan</Filter>
    </ClInclude>
    <ClInclude Include="VkSurface.h">
      <Filter>Header Files\Vulkan</Filter>
    </ClInclude>
    <ClInclude Include="VkEngine.h">
      <Filter>Header Files\Vulkan</Filter>
    </ClInclude>
    <ClInclude Include="VkSwapChain.h">
      <Filter>Header Files\Vulkan</Filter>
    </ClInclude>
    <ClInclude Include="RenderLoop.h">
      <Filter>Header Files</Filter>
    </ClInclude>
    <ClInclude Include="VkGraphicsPipeline.h">
      <Filter>Header Files\Vulkan</Filter>
    </ClInclude>
    <ClInclude Include="Vertex.h">
      <Filter>Header Files</Filter>
    </ClInclude>
  </ItemGroup>
  <ItemGroup>
    <None Include="triangle.vert">
      <Filter>Resource Files\Shaders</Filter>
    </None>
    <None Include="triangle.frag">
      <Filter>Resource Files\Shaders</Filter>
    </None>
    <None Include="triangle.frag.spv">
      <Filter>Resource Files\Shaders\SPV</Filter>
    </None>
    <None Include="triangle.vert.spv">
      <Filter>Resource Files\Shaders\SPV</Filter>
    </None>
    <None Include="compile.ps1">
      <Filter>Resource Files\Shaders\SPV</Filter>
    </None>
    <None Include="README.md">
      <Filter>Resource Files</Filter>
    </None>
    <None Include=".gitignore">
      <Filter>Resource Files</Filter>
    </None>
  </ItemGroup>
</Project>